
Microsoft Visual Studio Solution File, Format Version 12.00
# Visual Studio Version 17
VisualStudioVersion = 17.14.36408.4
MinimumVisualStudioVersion = 10.0.40219.1
Project("{FAE04EC0-301F-11D3-BF4B-00C04F79EFBC}") = "OgrenciPortalApi", "OgrenciPortalApi\OgrenciPortalApi.csproj", "{48DB859B-C605-4A08-9E06-592182E15E1C}"
EndProject
Project("{FAE04EC0-301F-11D3-BF4B-00C04F79EFBC}") = "OgrenciPortali", "OgrenciPortali\OgrenciPortali.csproj", "{77E42C2B-512D-4F57-A670-C18593A1425A}"
EndProject
Project("{2150E333-8FDC-42A3-9474-1A3956D46DE8}") = "Solution Items", "Solution Items", "{8EC462FD-D22E-90A8-E5CE-7E832BA40C5D}"
	ProjectSection(SolutionItems) = preProject
		.gitignore = .gitignore
		README.md = README.md
	EndProjectSection
EndProject
Project("{FAE04EC0-301F-11D3-BF4B-00C04F79EFBC}") = "Shared", "Shared\Shared.csproj", "{C1A1F8AE-F566-4CC3-A43A-ECDF08FAAE16}"
EndProject
Project("{FAE04EC0-301F-11D3-BF4B-00C04F79EFBC}") = "OgrenciPlatform.Shared", "OgrenciPlatform.Shared\Shared.csproj", "{6F63D019-3B31-4F9B-A9EA-71B9CE3EE020}"
EndProject
Global
	GlobalSection(SolutionConfigurationPlatforms) = preSolution
		Debug|Any CPU = Debug|Any CPU
		Release|Any CPU = Release|Any CPU
	EndGlobalSection
	GlobalSection(ProjectConfigurationPlatforms) = postSolution
		{48DB859B-C605-4A08-9E06-592182E15E1C}.Debug|Any CPU.ActiveCfg = Debug|Any CPU
		{48DB859B-C605-4A08-9E06-592182E15E1C}.Debug|Any CPU.Build.0 = Debug|Any CPU
		{48DB859B-C605-4A08-9E06-592182E15E1C}.Release|Any CPU.ActiveCfg = Release|Any CPU
		{48DB859B-C605-4A08-9E06-592182E15E1C}.Release|Any CPU.Build.0 = Release|Any CPU
		{77E42C2B-512D-4F57-A670-C18593A1425A}.Debug|Any CPU.ActiveCfg = Debug|Any CPU
		{77E42C2B-512D-4F57-A670-C18593A1425A}.Debug|Any CPU.Build.0 = Debug|Any CPU
		{77E42C2B-512D-4F57-A670-C18593A1425A}.Release|Any CPU.ActiveCfg = Release|Any CPU
		{77E42C2B-512D-4F57-A670-C18593A1425A}.Release|Any CPU.Build.0 = Release|Any CPU
		{C1A1F8AE-F566-4CC3-A43A-ECDF08FAAE16}.Debug|Any CPU.ActiveCfg = Debug|Any CPU
		{C1A1F8AE-F566-4CC3-A43A-ECDF08FAAE16}.Debug|Any CPU.Build.0 = Debug|Any CPU
		{C1A1F8AE-F566-4CC3-A43A-ECDF08FAAE16}.Release|Any CPU.ActiveCfg = Release|Any CPU
		{C1A1F8AE-F566-4CC3-A43A-ECDF08FAAE16}.Release|Any CPU.Build.0 = Release|Any CPU
		{6F63D019-3B31-4F9B-A9EA-71B9CE3EE020}.Debug|Any CPU.ActiveCfg = Debug|Any CPU
		{6F63D019-3B31-4F9B-A9EA-71B9CE3EE020}.Debug|Any CPU.Build.0 = Debug|Any CPU
		{6F63D019-3B31-4F9B-A9EA-71B9CE3EE020}.Release|Any CPU.ActiveCfg = Release|Any CPU
		{6F63D019-3B31-4F9B-A9EA-71B9CE3EE020}.Release|Any CPU.Build.0 = Release|Any CPU
	EndGlobalSection
	GlobalSection(SolutionProperties) = preSolution
		HideSolutionNode = FALSE
	EndGlobalSection
	GlobalSection(ExtensibilityGlobals) = postSolution
		SolutionGuid = {DCEB98B2-3991-497C-A22B-E8560ACB75DF}
	EndGlobalSection
EndGlobal
